github.com/fsnotify/fsevents v0.1.1 h1:/125uxJvvoSDDBPen6yUZbil8J9ydKZnnl3TWWmvnkw=
github.com/fsnotify/fsevents v0.1.1/go.mod h1:+d+hS27T6k5J8CRaPLKFgwKYcpS7GwW3Ule9+SC2ZRc=
golang.org/x/sys v0.4.0 h1:Zr2JFtRQNX3BCZ8YtxRE9hNJYC8J6I1MVbMg6owUp18=
golang.org/x/sys v0.4.0/go.mod h1:oPkhp1MJrh7nUepCBck5+mAzfO9JrbApNNgaTdGDITg=
